
Microsoft Visual Studio Solution File, Format Version 12.00
# Visual Studio 15
VisualStudioVersion = 15.0.26430.16
MinimumVisualStudioVersion = 10.0.40219.1
Project("{2150E333-8FDC-42A3-9474-1A3956D46DE8}") = "Solution Items", "Solution Items", "{DB8248D0-E9EE-4372-B388-46E5E287E557}"
EndProject
Project("{9A19103F-16F7-4668-BE54-9A1E7A4F7556}") = "Xamarin.Standard.Hosting.Abstractions", "Xamarin.Standard.Hosting.Abstractions\Xamarin.Standard.Hosting.Abstractions.csproj", "{0EFD169E-2C22-4958-9F39-139480423358}"
EndProject
Project("{9A19103F-16F7-4668-BE54-9A1E7A4F7556}") = "Xamarin.Standard.Hosting", "Xamarin.Standard.Hosting\Xamarin.Standard.Hosting.csproj", "{3F1A2824-BAA7-4E4B-8692-BE290A2754CF}"
EndProject
Project("{9A19103F-16F7-4668-BE54-9A1E7A4F7556}") = "Xamarin.Standard.FileProviders.PhysicalFileProvider", "Xamarin.Standard.FileProviders.PhysicalFileProvider\Xamarin.Standard.FileProviders.PhysicalFileProvider.csproj", "{A2FF09CB-C9EC-45FE-8795-5D0830DBA495}"
EndProject
Project("{FAE04EC0-301F-11D3-BF4B-00C04F79EFBC}") = "Xamarin.Standard.Hosting.Android", "Xamarin.Standard.Hosting.Android\Xamarin.Standard.Hosting.Android.csproj", "{B38E1ECA-DD2A-4FF0-A460-F19FA44F91EE}"
EndProject
Global
	GlobalSection(SolutionConfigurationPlatforms) = preSolution
		Debug|Any CPU = Debug|Any CPU
		Release|Any CPU = Release|Any CPU
	EndGlobalSection
	GlobalSection(ProjectConfigurationPlatforms) = postSolution
		{0EFD169E-2C22-4958-9F39-139480423358}.Debug|Any CPU.ActiveCfg = Debug|Any CPU
		{0EFD169E-2C22-4958-9F39-139480423358}.Debug|Any CPU.Build.0 = Debug|Any CPU
		{0EFD169E-2C22-4958-9F39-139480423358}.Release|Any CPU.ActiveCfg = Release|Any CPU
		{0EFD169E-2C22-4958-9F39-139480423358}.Release|Any CPU.Build.0 = Release|Any CPU
		{3F1A2824-BAA7-4E4B-8692-BE290A2754CF}.Debug|Any CPU.ActiveCfg = Debug|Any CPU
		{3F1A2824-BAA7-4E4B-8692-BE290A2754CF}.Debug|Any CPU.Build.0 = Debug|Any CPU
		{3F1A2824-BAA7-4E4B-8692-BE290A2754CF}.Release|Any CPU.ActiveCfg = Release|Any CPU
		{3F1A2824-BAA7-4E4B-8692-BE290A2754CF}.Release|Any CPU.Build.0 = Release|Any CPU
		{A2FF09CB-C9EC-45FE-8795-5D0830DBA495}.Debug|Any CPU.ActiveCfg = Debug|Any CPU
		{A2FF09CB-C9EC-45FE-8795-5D0830DBA495}.Debug|Any CPU.Build.0 = Debug|Any CPU
		{A2FF09CB-C9EC-45FE-8795-5D0830DBA495}.Release|Any CPU.ActiveCfg = Release|Any CPU
		{A2FF09CB-C9EC-45FE-8795-5D0830DBA495}.Release|Any CPU.Build.0 = Release|Any CPU
		{B38E1ECA-DD2A-4FF0-A460-F19FA44F91EE}.Debug|Any CPU.ActiveCfg = Debug|Any CPU
		{B38E1ECA-DD2A-4FF0-A460-F19FA44F91EE}.Debug|Any CPU.Build.0 = Debug|Any CPU
		{B38E1ECA-DD2A-4FF0-A460-F19FA44F91EE}.Release|Any CPU.ActiveCfg = Release|Any CPU
		{B38E1ECA-DD2A-4FF0-A460-F19FA44F91EE}.Release|Any CPU.Build.0 = Release|Any CPU
	EndGlobalSection
	GlobalSection(SolutionProperties) = preSolution
		HideSolutionNode = FALSE
	EndGlobalSection
EndGlobal
